
Microsoft Visual Studio Solution File, Format Version 12.00
# Visual Studio 15
VisualStudioVersion = 15.0.28307.489
MinimumVisualStudioVersion = 10.0.40219.1
Project("{FAE04EC0-301F-11D3-BF4B-00C04F79EFBC}") = "ENGLISH", "ENGLISH\ENGLISH.csproj", "{512A3977-5885-4F6A-A763-FF760A2FFBBC}"
EndProject
Global
	GlobalSection(SolutionConfigurationPlatforms) = preSolution
		Debug|Any CPU = Debug|Any CPU
		Release|Any CPU = Release|Any CPU
	EndGlobalSection
	GlobalSection(ProjectConfigurationPlatforms) = postSolution
		{512A3977-5885-4F6A-A763-FF760A2FFBBC}.Debug|Any CPU.ActiveCfg = Debug|Any CPU
		{512A3977-5885-4F6A-A763-FF760A2FFBBC}.Debug|Any CPU.Build.0 = Debug|Any CPU
		{512A3977-5885-4F6A-A763-FF760A2FFBBC}.Release|Any CPU.ActiveCfg = Release|Any CPU
		{512A3977-5885-4F6A-A763-FF760A2FFBBC}.Release|Any CPU.Build.0 = Release|Any CPU
	EndGlobalSection
	GlobalSection(SolutionProperties) = preSolution
		HideSolutionNode = FALSE
	EndGlobalSection
	GlobalSection(ExtensibilityGlobals) = postSolution
		SolutionGuid = {AE539BB2-7826-492E-978D-212BBAB078AE}
	EndGlobalSection
EndGlobal
